version = 1
requires-python = ">=3.7"
resolution-markers = [
    "python_full_version >= '3.13'",
    "python_full_version < '3.8'",
    "python_full_version == '3.8.*'",
    "python_full_version == '3.9.*'",
    "python_full_version == '3.10.*'",
    "python_full_version == '3.11.*'",
    "python_full_version == '3.12.*'",
]

[[package]]
name = "atomicwrites"
version = "1.4.1"
source = { registry = "https://pypi.org/simple" }
sdist = { url = "https://files.pythonhosted.org/packages/87/c6/53da25344e3e3a9c01095a89f16dbcda021c609ddb42dd6d7c0528236fb2/atomicwrites-1.4.1.tar.gz", hash = "sha256:81b2c9071a49367a7f770170e5eec8cb66567cfbbc8c73d20ce5ca4a8d71cf11", size = 14227 }

[[package]]
name = "attrs"
version = "22.2.0"
source = { registry = "https://pypi.org/simple" }
sdist = { url = "https://files.pythonhosted.org/packages/21/31/3f468da74c7de4fcf9b25591e682856389b3400b4b62f201e65f15ea3e07/attrs-22.2.0.tar.gz", hash = "sha256:c9227bfc2f01993c03f68db37d1d15c9690188323c067c641f1a35ca58185f99", size = 215900 }
wheels = [
    { url = "https://files.pythonhosted.org/packages/fb/6e/6f83bf616d2becdf333a1640f1d463fef3150e2e926b7010cb0f81c95e88/attrs-22.2.0-py3-none-any.whl", hash = "sha256:29e95c7f6778868dbd49170f98f8818f78f3dc5e0e37c0b1f474e3561b240836", size = 60018 },
]

[[package]]
name = "colorama"
version = "0.4.6"
source = { registry = "https://pypi.org/simple" }
sdist = { url = "https://files.pythonhosted.org/packages/d8/53/6f443c9a4a8358a93a6792e2acffb9d9d5cb0a5cfd8802644b7b1c9a02e4/colorama-0.4.6.tar.gz", hash = "sha256:08695f5cb7ed6e0531a20572697297273c47b8cae5a63ffc6d6ed5c201be6e44", size = 27697 }
wheels = [
    { url = "https://files.pythonhosted.org/packages/d1/d6/3965ed04c63042e047cb6a3e6ed1a63a35087b6a609aa3a15ed8ac56c221/colorama-0.4.6-py2.py3-none-any.whl", hash = "sha256:4f1d9991f5acc0ca119f9d443620b77f9d6b33703e51011c16baf57afb285fc6", size = 25335 },
]

[[package]]
name = "importlib-metadata"
version = "4.8.3"
source = { registry = "https://pypi.org/simple" }
dependencies = [
    { name = "typing-extensions", marker = "python_full_version < '3.8'" },
    { name = "zipp", marker = "python_full_version < '3.8'" },
]
sdist = { url = "https://files.pythonhosted.org/packages/85/ed/e65128cc5cb1580f22ee3009d9187ecdfcc43ffb3b581fe854b24e87d8e7/importlib_metadata-4.8.3.tar.gz", hash = "sha256:766abffff765960fcc18003801f7044eb6755ffae4521c8e8ce8e83b9c9b0668", size = 41979 }
wheels = [
    { url = "https://files.pythonhosted.org/packages/a0/a1/b153a0a4caf7a7e3f15c2cd56c7702e2cf3d89b1b359d1f1c5e59d68f4ce/importlib_metadata-4.8.3-py3-none-any.whl", hash = "sha256:65a9576a5b2d58ca44d133c42a241905cc45e34d2c06fd5ba2bafa221e5d7b5e", size = 17978 },
]

[[package]]
name = "iniconfig"
version = "1.1.1"
source = { registry = "https://pypi.org/simple" }
sdist = { url = "https://files.pythonhosted.org/packages/23/a2/97899f6bd0e873fed3a7e67ae8d3a08b21799430fb4da15cfedf10d6e2c2/iniconfig-1.1.1.tar.gz", hash = "sha256:bc3af051d7d14b2ee5ef9969666def0cd1a000e121eaea580d4a313df4b37f32", size = 8104 }
wheels = [
    { url = "https://files.pythonhosted.org/packages/9b/dd/b3c12c6d707058fa947864b67f0c4e0c39ef8610988d7baea9578f3c48f3/iniconfig-1.1.1-py2.py3-none-any.whl", hash = "sha256:011e24c64b7f47f6ebd835bb12a743f2fbe9a26d4cecaa7f53bc4f35ee9da8b3", size = 4990 },
]

[[package]]
name = "numpy"
version = "1.21.6"
source = { registry = "https://pypi.org/simple" }
resolution-markers = [
    "python_full_version < '3.8'",
]
sdist = { url = "https://files.pythonhosted.org/packages/45/b7/de7b8e67f2232c26af57c205aaad29fe17754f793404f59c8a730c7a191a/numpy-1.21.6.zip", hash = "sha256:ecb55251139706669fdec2ff073c98ef8e9a84473e51e716211b41aa0f18e656", size = 10274544 }
wheels = [
    { url = "https://files.pythonhosted.org/packages/ff/c6/05ae3c7f75b596e1bb3d78131c331eada9376a03d1af9801bd40e4675023/numpy-1.21.6-cp310-cp310-macosx_10_9_universal2.whl", hash = "sha256:8737609c3bbdd48e380d463134a35ffad3b22dc56295eff6f79fd85bd0eeeb25", size = 27203123 },
    { url = "https://files.pythonhosted.org/packages/4a/72/a3379f83172f1431d7949138373e3a24beed68184c9362dab1b4d465be26/numpy-1.21.6-cp310-cp310-macosx_10_9_x86_64.whl", hash = "sha256:fdffbfb6832cd0b300995a2b08b8f6fa9f6e856d562800fea9182316d99c4e8e", size = 16965603 },
    { url = "https://files.pythonhosted.org/packages/26/e7/4a6f579af8186372b03e8480e47df309520d91cfead8759b64dd5ac62688/numpy-1.21.6-cp310-cp310-macosx_11_0_arm64.whl", hash = "sha256:3820724272f9913b597ccd13a467cc492a0da6b05df26ea09e78b171a0bb9da6", size = 12364595 },
    { url = "https://files.pythonhosted.org/packages/57/ba/d8cbdfd507b541bb247beff24d9d7304ac8ffc379cf585701187d45d4512/numpy-1.21.6-cp310-cp310-manylinux_2_17_aarch64.manylinux2014_aarch64.whl", hash = "sha256:f17e562de9edf691a42ddb1eb4a5541c20dd3f9e65b09ded2beb0799c0cf29bb", size = 13019278 },
    { url = "https://files.pythonhosted.org/packages/6f/7b/036000a55680e6c7eb81502b0aa27ce0ed65d4d8805613909967d9f8baf6/numpy-1.21.6-cp310-cp310-manylinux_2_17_x86_64.manylinux2014_x86_64.whl", hash = "sha256:5f30427731561ce75d7048ac254dbe47a2ba576229250fb60f0fb74db96501a1", size = 15906004 },
    { url = "https://files.pythonhosted.org/packages/b0/77/ff8bbe56ff6cbbdbdb8a641c67cee61e29b2e8bfbb18732c2e1d2961fe4d/numpy-1.21.6-cp310-cp310-win32.whl", hash = "sha256:d4bf4d43077db55589ffc9009c0ba0a94fa4908b9586d6ccce2e0b164c86303c", size = 11706182 },
    { url = "https://files.pythonhosted.org/packages/ec/03/93702ca9c4bd61791e46c80ff1f24943febb2317484cf7e8207688bbbd95/numpy-1.21.6-cp310-cp310-win_amd64.whl", hash = "sha256:d136337ae3cc69aa5e447e78d8e1514be8c3ec9b54264e680cf0b4bd9011574f", size = 14008913 },
    { url = "https://files.pythonhosted.org/packages/32/dd/43d8b2b2ebf424f6555271a4c9f5b50dc3cc0aafa66c72b4d36863f71358/numpy-1.21.6-cp37-cp37m-macosx_10_9_x86_64.whl", hash = "sha256:6aaf96c7f8cebc220cdfc03f1d5a31952f027dda050e5a703a0d1c396075e3e7", size = 16894122 },
    { url = "https://files.pythonhosted.org/packages/06/78/b184f13f5461812a17a90b380d70a93fa3532460f0af9d72b0d93d8bc4ff/numpy-1.21.6-cp37-cp37m-manylinux_2_12_i686.manylinux2010_i686.whl", hash = "sha256:67c261d6c0a9981820c3a149d255a76918278a6b03b6a036800359aba1256d46", size = 13670697 },
    { url = "https://files.pythonhosted.org/packages/6d/ad/ff3b21ebfe79a4d25b4a4f8e5cf9fd44a204adb6b33c09010f566f51027a/numpy-1.21.6-cp37-cp37m-manylinux_2_12_x86_64.manylinux2010_x86_64.whl", hash = "sha256:a6be4cb0ef3b8c9250c19cc122267263093eee7edd4e3fa75395dfda8c17a8e2", size = 15702369 },
    { url = "https://files.pythonhosted.org/packages/b7/0d/86662f93102e42545cdf031da4fddf0ace9030ec67478932a628afc5973b/numpy-1.21.6-cp37-cp37m-manylinux_2_17_aarch64.manylinux2014_aarch64.whl", hash = "sha256:7c4068a8c44014b2d55f3c3f574c376b2494ca9cc73d2f1bd692382b6dffe3db", size = 12974170 },
    { url = "https://files.pythonhosted.org/packages/cd/eb/f6f3258e7b0e0cc5c327778312bf4ee4978c8514aa28e97119ee206f6e60/numpy-1.21.6-cp37-cp37m-win32.whl", hash = "sha256:7c7e5fa88d9ff656e067876e4736379cc962d185d5cd808014a8a928d529ef4e", size = 11680505 },
    { url = "https://files.pythonhosted.org/packages/97/9f/da37cc4a188a1d5d203d65ab28d6504e17594b5342e0c1dc5610ee6f4535/numpy-1.21.6-cp37-cp37m-win_amd64.whl", hash = "sha256:bcb238c9c96c00d3085b264e5c1a1207672577b93fa666c3b14a45240b14123a", size = 13969236 },
    { url = "https://files.pythonhosted.org/packages/b5/e2/b2df1f664d644e690b40179fc0a07c163c6decf986c7adee8a85a094e8ce/numpy-1.21.6-cp38-cp38-macosx_10_9_universal2.whl", hash = "sha256:82691fda7c3f77c90e62da69ae60b5ac08e87e775b09813559f8901a88266552", size = 27127297 },
    { url = "https://files.pythonhosted.org/packages/5b/d4/be63d2bed7d10f443dee42469623326b6bc51c9e5cd096ebb7227bca456f/numpy-1.21.6-cp38-cp38-macosx_10_9_x86_64.whl", hash = "sha256:643843bcc1c50526b3a71cd2ee561cf0d8773f062c8cbaf9ffac9fdf573f83ab", size = 16926225 },
    { url = "https://files.pythonhosted.org/packages/0d/21/036363516c06737135ee58741e9c0af4899348ce3c5f5e04379240edd090/numpy-1.21.6-cp38-cp38-macosx_11_0_arm64.whl", hash = "sha256:357768c2e4451ac241465157a3e929b265dfac85d9214074985b1786244f2ef3", size = 12329630 },
    { url = "https://files.pythonhosted.org/packages/6a/52/a1dcf14b8e81d49c14112663290ee2ed545bd04988170138284a613bd926/numpy-1.21.6-cp38-cp38-manylinux_2_12_i686.manylinux2010_i686.whl", hash = "sha256:9f411b2c3f3d76bba0865b35a425157c5dcf54937f82bbeb3d3c180789dd66a6", size = 13719672 },
    { url = "https://files.pythonhosted.org/packages/d5/43/e88bb1fb7d040ae8e0e06e749341b13f57701aab11fe9d71c99af6202c5c/numpy-1.21.6-cp38-cp38-manylinux_2_12_x86_64.manylinux2010_x86_64.whl", hash = "sha256:4aa48afdce4660b0076a00d80afa54e8a97cd49f457d68a4342d188a09451c1a", size = 15749422 },
    { url = "https://files.pythonhosted.org/packages/86/c7/3f68d0a8dcc9458879c614707e6ffaf64a108664cfbba9702d3ba7ca4c82/numpy-1.21.6-cp38-cp38-manylinux_2_17_aarch64.manylinux2014_aarch64.whl", hash = "sha256:d6a96eef20f639e6a97d23e57dd0c1b1069a7b4fd7027482a4c5c451cd7732f4", size = 13026205 },
    { url = "https://files.pythonhosted.org/packages/6f/47/453023bd298f8b0be092d8a8bdd4b21f87a8c639ecb724a94cd75e23d216/numpy-1.21.6-cp38-cp38-win32.whl", hash = "sha256:5c3c8def4230e1b959671eb959083661b4a0d2e9af93ee339c7dada6759a9470", size = 11707551 },
    { url = "https://files.pythonhosted.org/packages/48/5f/db4550e1c68206814a577ebd92c0dd082f3628fd7fc96725d44a521b0c92/numpy-1.21.6-cp38-cp38-win_amd64.whl", hash = "sha256:bf2ec4b75d0e9356edea834d1de42b31fe11f726a81dfb2c2112bc1eaa508fcf", size = 14009785 },
    { url = "https://files.pythonhosted.org/packages/83/eb/a6a0d7fc8e718776c5c710692ea027607104710cba813c4b869182179334/numpy-1.21.6-cp39-cp39-macosx_10_9_universal2.whl", hash = "sha256:4391bd07606be175aafd267ef9bea87cf1b8210c787666ce82073b05f202add1", size = 27202394 },
    { url = "https://files.pythonhosted.org/packages/4c/62/07402945bd5d5cf515a5f0cbc7263abf02ec0ddf3b19fbdc4af7537cd4d0/numpy-1.21.6-cp39-cp39-macosx_10_9_x86_64.whl", hash = "sha256:67f21981ba2f9d7ba9ade60c9e8cbaa8cf8e9ae51673934480e45cf55e953673", size = 16965163 },
    { url = "https://files.pythonhosted.org/packages/44/56/041e886b4a8da813b7ec297c270fb3582d2ae8b7f33e106eb5c7a5e9184c/numpy-1.21.6-cp39-cp39-macosx_11_0_arm64.whl", hash = "sha256:ee5ec40fdd06d62fe5d4084bef4fd50fd4bb6bfd2bf519365f569dc470163ab0", size = 12364236 },
    { url = "https://files.pythonhosted.org/packages/61/f4/f01a8989e53a437ad660ab86c91514bec3d5067393e4a844b259f5a103de/numpy-1.21.6-cp39-cp39-manylinux_2_12_i686.manylinux2010_i686.whl", hash = "sha256:1dbe1c91269f880e364526649a52eff93ac30035507ae980d2fed33aaee633ac", size = 13721583 },
    { url = "https://files.pythonhosted.org/packages/e7/f2/0bdcf2c40ef144cbbc9e0947eea831a145a98b0e5f8438fc09cf7fda0b35/numpy-1.21.6-cp39-cp39-manylinux_2_12_x86_64.manylinux2010_x86_64.whl", hash = "sha256:d9caa9d5e682102453d96a0ee10c7241b72859b01a941a397fd965f23b3e016b", size = 15734025 },
    { url = "https://files.pythonhosted.org/packages/76/7f/830cf169eede1b855538f962e3a70c31755db6423652695b813ed04ff54e/numpy-1.21.6-cp39-cp39-manylinux_2_17_aarch64.manylinux2014_aarch64.whl", hash = "sha256:58459d3bad03343ac4b1b42ed14d571b8743dc80ccbf27444f266729df1d6f5b", size = 13020515 },
    { url = "https://files.pythonhosted.org/packages/1b/b5/7178d5a22427a9195ac69d6ec150415734f7a7a19d1142f82b89ead1dac4/numpy-1.21.6-cp39-cp39-win32.whl", hash = "sha256:7f5ae4f304257569ef3b948810816bc87c9146e8c446053539947eedeaa32786", size = 11706846 },
    { url = "https://files.pythonhosted.org/packages/4d/04/bcd62448f2e772bc90a73ba21bacaa19817ae9905ae639969462862bd071/numpy-1.21.6-cp39-cp39-win_amd64.whl", hash = "sha256:e31f0bb5928b793169b87e3d1e070f2342b22d5245c755e2b81caa29756246c3", size = 14008965 },
    { url = "https://files.pythonhosted.org/packages/2e/5a/6f3e280a10de48395053a559bfcb3b2221b74b57d062c1d6307fc965f549/numpy-1.21.6-pp37-pypy37_pp73-manylinux_2_12_x86_64.manylinux2010_x86_64.whl", hash = "sha256:dd1c8f6bd65d07d3810b90d02eba7997e32abbdf1277a481d698969e921a3be0", size = 15159527 },
]

[[package]]
name = "numpy"
version = "1.24.4"
source = { registry = "https://pypi.org/simple" }
resolution-markers = [
    "python_full_version == '3.8.*'",
    "python_full_version == '3.9.*'",
    "python_full_version == '3.10.*'",
    "python_full_version == '3.11.*'",
]
sdist = { url = "https://files.pythonhosted.org/packages/a4/9b/027bec52c633f6556dba6b722d9a0befb40498b9ceddd29cbe67a45a127c/numpy-1.24.4.tar.gz", hash = "sha256:80f5e3a4e498641401868df4208b74581206afbee7cf7b8329daae82676d9463", size = 10911229 }
wheels = [
    { url = "https://files.pythonhosted.org/packages/6b/80/6cdfb3e275d95155a34659163b83c09e3a3ff9f1456880bec6cc63d71083/numpy-1.24.4-cp310-cp310-macosx_10_9_x86_64.whl", hash = "sha256:c0bfb52d2169d58c1cdb8cc1f16989101639b34c7d3ce60ed70b19c63eba0b64", size = 19789140 },
    { url = "https://files.pythonhosted.org/packages/64/5f/3f01d753e2175cfade1013eea08db99ba1ee4bdb147ebcf3623b75d12aa7/numpy-1.24.4-cp310-cp310-macosx_11_0_arm64.whl", hash = "sha256:ed094d4f0c177b1b8e7aa9cba7d6ceed51c0e569a5318ac0ca9a090680a6a1b1", size = 13854297 },
    { url = "https://files.pythonhosted.org/packages/5a/b3/2f9c21d799fa07053ffa151faccdceeb69beec5a010576b8991f614021f7/numpy-1.24.4-cp310-cp310-manylinux_2_17_aarch64.manylinux2014_aarch64.whl", hash = "sha256:79fc682a374c4a8ed08b331bef9c5f582585d1048fa6d80bc6c35bc384eee9b4", size = 13995611 },
    { url = "https://files.pythonhosted.org/packages/10/be/ae5bf4737cb79ba437879915791f6f26d92583c738d7d960ad94e5c36adf/numpy-1.24.4-cp310-cp310-manylinux_2_17_x86_64.manylinux2014_x86_64.whl", hash = "sha256:7ffe43c74893dbf38c2b0a1f5428760a1a9c98285553c89e12d70a96a7f3a4d6", size = 17282357 },
    { url = "https://files.pythonhosted.org/packages/c0/64/908c1087be6285f40e4b3e79454552a701664a079321cff519d8c7051d06/numpy-1.24.4-cp310-cp310-win32.whl", hash = "sha256:4c21decb6ea94057331e111a5bed9a79d335658c27ce2adb580fb4d54f2ad9bc", size = 12429222 },
    { url = "https://files.pythonhosted.org/packages/22/55/3d5a7c1142e0d9329ad27cece17933b0e2ab4e54ddc5c1861fbfeb3f7693/numpy-1.24.4-cp310-cp310-win_amd64.whl", hash = "sha256:b4bea75e47d9586d31e892a7401f76e909712a0fd510f58f5337bea9572c571e", size = 14841514 },
    { url = "https://files.pythonhosted.org/packages/a9/cc/5ed2280a27e5dab12994c884f1f4d8c3bd4d885d02ae9e52a9d213a6a5e2/numpy-1.24.4-cp311-cp311-macosx_10_9_x86_64.whl", hash = "sha256:f136bab9c2cfd8da131132c2cf6cc27331dd6fae65f95f69dcd4ae3c3639c810", size = 19775508 },
    { url = "https://files.pythonhosted.org/packages/c0/bc/77635c657a3668cf652806210b8662e1aff84b818a55ba88257abf6637a8/numpy-1.24.4-cp311-cp311-macosx_11_0_arm64.whl", hash = "sha256:e2926dac25b313635e4d6cf4dc4e51c8c0ebfed60b801c799ffc4c32bf3d1254", size = 13840033 },
    { url = "https://files.pythonhosted.org/packages/a7/4c/96cdaa34f54c05e97c1c50f39f98d608f96f0677a6589e64e53104e22904/numpy-1.24.4-cp311-cp311-manylinux_2_17_aarch64.manylinux2014_aarch64.whl", hash = "sha256:222e40d0e2548690405b0b3c7b21d1169117391c2e82c378467ef9ab4c8f0da7", size = 13991951 },
    { url = "https://files.pythonhosted.org/packages/22/97/dfb1a31bb46686f09e68ea6ac5c63fdee0d22d7b23b8f3f7ea07712869ef/numpy-1.24.4-cp311-cp311-manylinux_2_17_x86_64.manylinux2014_x86_64.whl", hash = "sha256:7215847ce88a85ce39baf9e89070cb860c98fdddacbaa6c0da3ffb31b3350bd5", size = 17278923 },
    { url = "https://files.pythonhosted.org/packages/35/e2/76a11e54139654a324d107da1d98f99e7aa2a7ef97cfd7c631fba7dbde71/numpy-1.24.4-cp311-cp311-win32.whl", hash = "sha256:4979217d7de511a8d57f4b4b5b2b965f707768440c17cb70fbf254c4b225238d", size = 12422446 },
    { url = "https://files.pythonhosted.org/packages/d8/ec/ebef2f7d7c28503f958f0f8b992e7ce606fb74f9e891199329d5f5f87404/numpy-1.24.4-cp311-cp311-win_amd64.whl", hash = "sha256:b7b1fc9864d7d39e28f41d089bfd6353cb5f27ecd9905348c24187a768c79694", size = 14834466 },
    { url = "https://files.pythonhosted.org/packages/11/10/943cfb579f1a02909ff96464c69893b1d25be3731b5d3652c2e0cf1281ea/numpy-1.24.4-cp38-cp38-macosx_10_9_x86_64.whl", hash = "sha256:1452241c290f3e2a312c137a9999cdbf63f78864d63c79039bda65ee86943f61", size = 19780722 },
    { url = "https://files.pythonhosted.org/packages/a7/ae/f53b7b265fdc701e663fbb322a8e9d4b14d9cb7b2385f45ddfabfc4327e4/numpy-1.24.4-cp38-cp38-macosx_11_0_arm64.whl", hash = "sha256:04640dab83f7c6c85abf9cd729c5b65f1ebd0ccf9de90b270cd61935eef0197f", size = 13843102 },
    { url = "https://files.pythonhosted.org/packages/25/6f/2586a50ad72e8dbb1d8381f837008a0321a3516dfd7cb57fc8cf7e4bb06b/numpy-1.24.4-cp38-cp38-manylinux_2_17_aarch64.manylinux2014_aarch64.whl", hash = "sha256:a5425b114831d1e77e4b5d812b69d11d962e104095a5b9c3b641a218abcc050e", size = 14039616 },
    { url = "https://files.pythonhosted.org/packages/98/5d/5738903efe0ecb73e51eb44feafba32bdba2081263d40c5043568ff60faf/numpy-1.24.4-cp38-cp38-manylinux_2_17_x86_64.manylinux2014_x86_64.whl", hash = "sha256:dd80e219fd4c71fc3699fc1dadac5dcf4fd882bfc6f7ec53d30fa197b8ee22dc", size = 17316263 },
    { url = "https://files.pythonhosted.org/packages/d1/57/8d328f0b91c733aa9aa7ee540dbc49b58796c862b4fbcb1146c701e888da/numpy-1.24.4-cp38-cp38-win32.whl", hash = "sha256:4602244f345453db537be5314d3983dbf5834a9701b7723ec28923e2889e0bb2", size = 12455660 },
    { url = "https://files.pythonhosted.org/packages/69/65/0d47953afa0ad569d12de5f65d964321c208492064c38fe3b0b9744f8d44/numpy-1.24.4-cp38-cp38-win_amd64.whl", hash = "sha256:692f2e0f55794943c5bfff12b3f56f99af76f902fc47487bdfe97856de51a706", size = 14868112 },
    { url = "https://files.pythonhosted.org/packages/9a/cd/d5b0402b801c8a8b56b04c1e85c6165efab298d2f0ab741c2406516ede3a/numpy-1.24.4-cp39-cp39-macosx_10_9_x86_64.whl", hash = "sha256:2541312fbf09977f3b3ad449c4e5f4bb55d0dbf79226d7724211acc905049400", size = 19816549 },
    { url = "https://files.pythonhosted.org/packages/14/27/638aaa446f39113a3ed38b37a66243e21b38110d021bfcb940c383e120f2/numpy-1.24.4-cp39-cp39-macosx_11_0_arm64.whl", hash = "sha256:9667575fb6d13c95f1b36aca12c5ee3356bf001b714fc354eb5465ce1609e62f", size = 13879950 },
    { url = "https://files.pythonhosted.org/packages/8f/27/91894916e50627476cff1a4e4363ab6179d01077d71b9afed41d9e1f18bf/numpy-1.24.4-cp39-cp39-manylinux_2_17_aarch64.manylinux2014_aarch64.whl", hash = "sha256:f3a86ed21e4f87050382c7bc96571755193c4c1392490744ac73d660e8f564a9", size = 14030228 },
    { url = "https://files.pythonhosted.org/packages/7a/7c/d7b2a0417af6428440c0ad7cb9799073e507b1a465f827d058b826236964/numpy-1.24.4-cp39-cp39-manylinux_2_17_x86_64.manylinux2014_x86_64.whl", hash = "sha256:d11efb4dbecbdf22508d55e48d9c8384db795e1b7b51ea735289ff96613ff74d", size = 17311170 },
    { url = "https://files.pythonhosted.org/packages/18/9d/e02ace5d7dfccee796c37b995c63322674daf88ae2f4a4724c5dd0afcc91/numpy-1.24.4-cp39-cp39-win32.whl", hash = "sha256:6620c0acd41dbcb368610bb2f4d83145674040025e5536954782467100aa8835", size = 12454918 },
    { url = "https://files.pythonhosted.org/packages/63/38/6cc19d6b8bfa1d1a459daf2b3fe325453153ca7019976274b6f33d8b5663/numpy-1.24.4-cp39-cp39-win_amd64.whl", hash = "sha256:befe2bf740fd8373cf56149a5c23a0f601e82869598d41f8e188a0e9869926f8", size = 14867441 },
    { url = "https://files.pythonhosted.org/packages/a4/fd/8dff40e25e937c94257455c237b9b6bf5a30d42dd1cc11555533be099492/numpy-1.24.4-pp38-pypy38_pp73-macosx_10_9_x86_64.whl", hash = "sha256:31f13e25b4e304632a4619d0e0777662c2ffea99fcae2029556b17d8ff958aef", size = 19156590 },
    { url = "https://files.pythonhosted.org/packages/42/e7/4bf953c6e05df90c6d351af69966384fed8e988d0e8c54dad7103b59f3ba/numpy-1.24.4-pp38-pypy38_pp73-manylinux_2_17_x86_64.manylinux2014_x86_64.whl", hash = "sha256:95f7ac6540e95bc440ad77f56e520da5bf877f87dca58bd095288dce8940532a", size = 16705744 },
    { url = "https://files.pythonhosted.org/packages/fc/dd/9106005eb477d022b60b3817ed5937a43dad8fd1f20b0610ea8a32fcb407/numpy-1.24.4-pp38-pypy38_pp73-win_amd64.whl", hash = "sha256:e98f220aa76ca2a977fe435f5b04d7b3470c0a2e6312907b37ba6068f26787f2", size = 14734290 },
]

[[package]]
name = "numpy"
version = "2.2.1"
source = { registry = "https://pypi.org/simple" }
resolution-markers = [
    "python_full_version == '3.12.*'",
]
sdist = { url = "https://files.pythonhosted.org/packages/f2/a5/fdbf6a7871703df6160b5cf3dd774074b086d278172285c52c2758b76305/numpy-2.2.1.tar.gz", hash = "sha256:45681fd7128c8ad1c379f0ca0776a8b0c6583d2f69889ddac01559dfe4390918", size = 20227662 }
wheels = [
    { url = "https://files.pythonhosted.org/packages/c7/c4/5588367dc9f91e1a813beb77de46ea8cab13f778e1b3a0e661ab031aba44/numpy-2.2.1-cp310-cp310-macosx_10_9_x86_64.whl", hash = "sha256:5edb4e4caf751c1518e6a26a83501fda79bff41cc59dac48d70e6d65d4ec4440", size = 21213214 },
    { url = "https://files.pythonhosted.org/packages/d8/8b/32dd9f08419023a4cf856c5ad0b4eba9b830da85eafdef841a104c4fc05a/numpy-2.2.1-cp310-cp310-macosx_11_0_arm64.whl", hash = "sha256:aa3017c40d513ccac9621a2364f939d39e550c542eb2a894b4c8da92b38896ab", size = 14352248 },
    { url = "https://files.pythonhosted.org/packages/84/2d/0e895d02940ba6e12389f0ab5cac5afcf8dc2dc0ade4e8cad33288a721bd/numpy-2.2.1-cp310-cp310-macosx_14_0_arm64.whl", hash = "sha256:61048b4a49b1c93fe13426e04e04fdf5a03f456616f6e98c7576144677598675", size = 5391007 },
    { url = "https://files.pythonhosted.org/packages/11/b9/7f1e64a0d46d9c2af6d17966f641fb12d5b8ea3003f31b2308f3e3b9a6aa/numpy-2.2.1-cp310-cp310-macosx_14_0_x86_64.whl", hash = "sha256:7671dc19c7019103ca44e8d94917eba8534c76133523ca8406822efdd19c9308", size = 6926174 },
    { url = "https://files.pythonhosted.org/packages/2e/8c/043fa4418bc9364e364ab7aba8ff6ef5f6b9171ade22de8fbcf0e2fa4165/numpy-2.2.1-cp310-cp310-manylinux_2_17_aarch64.manylinux2014_aarch64.whl", hash = "sha256:4250888bcb96617e00bfa28ac24850a83c9f3a16db471eca2ee1f1714df0f957", size = 14330914 },
    { url = "https://files.pythonhosted.org/packages/f7/b6/d8110985501ca8912dfc1c3bbef99d66e62d487f72e46b2337494df77364/numpy-2.2.1-cp310-cp310-manylinux_2_17_x86_64.manylinux2014_x86_64.whl", hash = "sha256:a7746f235c47abc72b102d3bce9977714c2444bdfaea7888d241b4c4bb6a78bf", size = 16379607 },
    { url = "https://files.pythonhosted.org/packages/e2/57/bdca9fb8bdaa810c3a4ff2eb3231379b77f618a7c0d24be9f7070db50775/numpy-2.2.1-cp310-cp310-musllinux_1_2_aarch64.whl", hash = "sha256:059e6a747ae84fce488c3ee397cee7e5f905fd1bda5fb18c66bc41807ff119b2", size = 15541760 },
    { url = "https://files.pythonhosted.org/packages/97/55/3b9147b3cbc3b6b1abc2a411dec5337a46c873deca0dd0bf5bef9d0579cc/numpy-2.2.1-cp310-cp310-musllinux_1_2_x86_64.whl", hash = "sha256:f62aa6ee4eb43b024b0e5a01cf65a0bb078ef8c395e8713c6e8a12a697144528", size = 18168476 },
    { url = "https://files.pythonhosted.org/packages/00/e7/7c2cde16c9b87a8e14fdd262ca7849c4681cf48c8a774505f7e6f5e3b643/numpy-2.2.1-cp310-cp310-win32.whl", hash = "sha256:48fd472630715e1c1c89bf1feab55c29098cb403cc184b4859f9c86d4fcb6a95", size = 6570985 },
    { url = "https://files.pythonhosted.org/packages/a1/a8/554b0e99fc4ac11ec481254781a10da180d0559c2ebf2c324232317349ee/numpy-2.2.1-cp310-cp310-win_amd64.whl", hash = "sha256:b541032178a718c165a49638d28272b771053f628382d5e9d1c93df23ff58dbf", size = 12913384 },
    { url = "https://files.pythonhosted.org/packages/59/14/645887347124e101d983e1daf95b48dc3e136bf8525cb4257bf9eab1b768/numpy-2.2.1-cp311-cp311-macosx_10_9_x86_64.whl", hash = "sha256:40f9e544c1c56ba8f1cf7686a8c9b5bb249e665d40d626a23899ba6d5d9e1484", size = 21217379 },
    { url = "https://files.pythonhosted.org/packages/9f/fd/2279000cf29f58ccfd3778cbf4670dfe3f7ce772df5e198c5abe9e88b7d7/numpy-2.2.1-cp311-cp311-macosx_11_0_arm64.whl", hash = "sha256:f9b57eaa3b0cd8db52049ed0330747b0364e899e8a606a624813452b8203d5f7", size = 14388520 },
    { url = "https://files.pythonhosted.org/packages/58/b0/034eb5d5ba12d66ab658ff3455a31f20add0b78df8203c6a7451bd1bee21/numpy-2.2.1-cp311-cp311-macosx_14_0_arm64.whl", hash = "sha256:bc8a37ad5b22c08e2dbd27df2b3ef7e5c0864235805b1e718a235bcb200cf1cb", size = 5389286 },
    { url = "https://files.pythonhosted.org/packages/5d/69/6f3cccde92e82e7835fdb475c2bf439761cbf8a1daa7c07338e1e132dfec/numpy-2.2.1-cp311-cp311-macosx_14_0_x86_64.whl", hash = "sha256:9036d6365d13b6cbe8f27a0eaf73ddcc070cae584e5ff94bb45e3e9d729feab5", size = 6930345 },
    { url = "https://files.pythonhosted.org/packages/d1/72/1cd38e91ab563e67f584293fcc6aca855c9ae46dba42e6b5ff4600022899/numpy-2.2.1-cp311-cp311-manylinux_2_17_aarch64.manylinux2014_aarch64.whl", hash = "sha256:51faf345324db860b515d3f364eaa93d0e0551a88d6218a7d61286554d190d73", size = 14335748 },
    { url = "https://files.pythonhosted.org/packages/f2/d4/f999444e86986f3533e7151c272bd8186c55dda554284def18557e013a2a/numpy-2.2.1-cp311-cp311-manylinux_2_17_x86_64.manylinux2014_x86_64.whl", hash = "sha256:38efc1e56b73cc9b182fe55e56e63b044dd26a72128fd2fbd502f75555d92591", size = 16391057 },
    { url = "https://files.pythonhosted.org/packages/99/7b/85cef6a3ae1b19542b7afd97d0b296526b6ef9e3c43ea0c4d9c4404fb2d0/numpy-2.2.1-cp311-cp311-musllinux_1_2_aarch64.whl", hash = "sha256:31b89fa67a8042e96715c68e071a1200c4e172f93b0fbe01a14c0ff3ff820fc8", size = 15556943 },
    { url = "https://files.pythonhosted.org/packages/69/7e/b83cc884c3508e91af78760f6b17ab46ad649831b1fa35acb3eb26d9e6d2/numpy-2.2.1-cp311-cp311-musllinux_1_2_x86_64.whl", hash = "sha256:4c86e2a209199ead7ee0af65e1d9992d1dce7e1f63c4b9a616500f93820658d0", size = 18180785 },
    { url = "https://files.pythonhosted.org/packages/b2/9f/eb4a9a38867de059dcd4b6e18d47c3867fbd3795d4c9557bb49278f94087/numpy-2.2.1-cp311-cp311-win32.whl", hash = "sha256:b34d87e8a3090ea626003f87f9392b3929a7bbf4104a05b6667348b6bd4bf1cd", size = 6568983 },
    { url = "https://files.pythonhosted.org/packages/6d/1e/be3b9f3073da2f8c7fa361fcdc231b548266b0781029fdbaf75eeab997fd/numpy-2.2.1-cp311-cp311-win_amd64.whl", hash = "sha256:360137f8fb1b753c5cde3ac388597ad680eccbbbb3865ab65efea062c4a1fd16", size = 12917260 },
    { url = "https://files.pythonhosted.org/packages/62/12/b928871c570d4a87ab13d2cc19f8817f17e340d5481621930e76b80ffb7d/numpy-2.2.1-cp312-cp312-macosx_10_13_x86_64.whl", hash = "sha256:694f9e921a0c8f252980e85bce61ebbd07ed2b7d4fa72d0e4246f2f8aa6642ab", size = 20909861 },
    { url = "https://files.pythonhosted.org/packages/3d/c3/59df91ae1d8ad7c5e03efd63fd785dec62d96b0fe56d1f9ab600b55009af/numpy-2.2.1-cp312-cp312-macosx_11_0_arm64.whl", hash = "sha256:3683a8d166f2692664262fd4900f207791d005fb088d7fdb973cc8d663626faa", size = 14095776 },
    { url = "https://files.pythonhosted.org/packages/af/4e/8ed5868efc8e601fb69419644a280e9c482b75691466b73bfaab7d86922c/numpy-2.2.1-cp312-cp312-macosx_14_0_arm64.whl", hash = "sha256:780077d95eafc2ccc3ced969db22377b3864e5b9a0ea5eb347cc93b3ea900315", size = 5126239 },
    { url = "https://files.pythonhosted.org/packages/1a/74/dd0bbe650d7bc0014b051f092f2de65e34a8155aabb1287698919d124d7f/numpy-2.2.1-cp312-cp312-macosx_14_0_x86_64.whl", hash = "sha256:55ba24ebe208344aa7a00e4482f65742969a039c2acfcb910bc6fcd776eb4355", size = 6659296 },
    { url = "https://files.pythonhosted.org/packages/7f/11/4ebd7a3f4a655764dc98481f97bd0a662fb340d1001be6050606be13e162/numpy-2.2.1-cp312-cp312-manylinux_2_17_aarch64.manylinux2014_aarch64.whl", hash = "sha256:9b1d07b53b78bf84a96898c1bc139ad7f10fda7423f5fd158fd0f47ec5e01ac7", size = 14047121 },
    { url = "https://files.pythonhosted.org/packages/7f/a7/c1f1d978166eb6b98ad009503e4d93a8c1962d0eb14a885c352ee0276a54/numpy-2.2.1-cp312-cp312-manylinux_2_17_x86_64.manylinux2014_x86_64.whl", hash = "sha256:5062dc1a4e32a10dc2b8b13cedd58988261416e811c1dc4dbdea4f57eea61b0d", size = 16096599 },
    { url = "https://files.pythonhosted.org/packages/3d/6d/0e22afd5fcbb4d8d0091f3f46bf4e8906399c458d4293da23292c0ba5022/numpy-2.2.1-cp312-cp312-musllinux_1_2_aarch64.whl", hash = "sha256:fce4f615f8ca31b2e61aa0eb5865a21e14f5629515c9151850aa936c02a1ee51", size = 15243932 },
    { url = "https://files.pythonhosted.org/packages/03/39/e4e5832820131ba424092b9610d996b37e5557180f8e2d6aebb05c31ae54/numpy-2.2.1-cp312-cp312-musllinux_1_2_x86_64.whl", hash = "sha256:67d4cda6fa6ffa073b08c8372aa5fa767ceb10c9a0587c707505a6d426f4e046", size = 17861032 },
    { url = "https://files.pythonhosted.org/packages/5f/8a/3794313acbf5e70df2d5c7d2aba8718676f8d054a05abe59e48417fb2981/numpy-2.2.1-cp312-cp312-win32.whl", hash = "sha256:32cb94448be47c500d2c7a95f93e2f21a01f1fd05dd2beea1ccd049bb6001cd2", size = 6274018 },
    { url = "https://files.pythonhosted.org/packages/17/c1/c31d3637f2641e25c7a19adf2ae822fdaf4ddd198b05d79a92a9ce7cb63e/numpy-2.2.1-cp312-cp312-win_amd64.whl", hash = "sha256:ba5511d8f31c033a5fcbda22dd5c813630af98c70b2661f2d2c654ae3cdfcfc8", size = 12613843 },
    { url = "https://files.pythonhosted.org/packages/20/d6/91a26e671c396e0c10e327b763485ee295f5a5a7a48c553f18417e5a0ed5/numpy-2.2.1-cp313-cp313-macosx_10_13_x86_64.whl", hash = "sha256:f1d09e520217618e76396377c81fba6f290d5f926f50c35f3a5f72b01a0da780", size = 20896464 },
    { url = "https://files.pythonhosted.org/packages/8c/40/5792ccccd91d45e87d9e00033abc4f6ca8a828467b193f711139ff1f1cd9/numpy-2.2.1-cp313-cp313-macosx_11_0_arm64.whl", hash = "sha256:3ecc47cd7f6ea0336042be87d9e7da378e5c7e9b3c8ad0f7c966f714fc10d821", size = 14111350 },
    { url = "https://files.pythonhosted.org/packages/c0/2a/fb0a27f846cb857cef0c4c92bef89f133a3a1abb4e16bba1c4dace2e9b49/numpy-2.2.1-cp313-cp313-macosx_14_0_arm64.whl", hash = "sha256:f419290bc8968a46c4933158c91a0012b7a99bb2e465d5ef5293879742f8797e", size = 5111629 },
    { url = "https://files.pythonhosted.org/packages/eb/e5/8e81bb9d84db88b047baf4e8b681a3e48d6390bc4d4e4453eca428ecbb49/numpy-2.2.1-cp313-cp313-macosx_14_0_x86_64.whl", hash = "sha256:5b6c390bfaef8c45a260554888966618328d30e72173697e5cabe6b285fb2348", size = 6645865 },
    { url = "https://files.pythonhosted.org/packages/7a/1a/a90ceb191dd2f9e2897c69dde93ccc2d57dd21ce2acbd7b0333e8eea4e8d/numpy-2.2.1-cp313-cp313-manylinux_2_17_aarch64.manylinux2014_aarch64.whl", hash = "sha256:526fc406ab991a340744aad7e25251dd47a6720a685fa3331e5c59fef5282a59", size = 14043508 },
    { url = "https://files.pythonhosted.org/packages/f1/5a/e572284c86a59dec0871a49cd4e5351e20b9c751399d5f1d79628c0542cb/numpy-2.2.1-cp313-cp313-manylinux_2_17_x86_64.manylinux2014_x86_64.whl", hash = "sha256:f74e6fdeb9a265624ec3a3918430205dff1df7e95a230779746a6af78bc615af", size = 16094100 },
    { url = "https://files.pythonhosted.org/packages/0c/2c/a79d24f364788386d85899dd280a94f30b0950be4b4a545f4fa4ed1d4ca7/numpy-2.2.1-cp313-cp313-musllinux_1_2_aarch64.whl", hash = "sha256:53c09385ff0b72ba79d8715683c1168c12e0b6e84fb0372e97553d1ea91efe51", size = 15239691 },
    { url = "https://files.pythonhosted.org/packages/cf/79/1e20fd1c9ce5a932111f964b544facc5bb9bde7865f5b42f00b4a6a9192b/numpy-2.2.1-cp313-cp313-musllinux_1_2_x86_64.whl", hash = "sha256:f3eac17d9ec51be534685ba877b6ab5edc3ab7ec95c8f163e5d7b39859524716", size = 17856571 },
    { url = "https://files.pythonhosted.org/packages/be/5b/cc155e107f75d694f562bdc84a26cc930569f3dfdfbccb3420b626065777/numpy-2.2.1-cp313-cp313-win32.whl", hash = "sha256:9ad014faa93dbb52c80d8f4d3dcf855865c876c9660cb9bd7553843dd03a4b1e", size = 6270841 },
    { url = "https://files.pythonhosted.org/packages/44/be/0e5cd009d2162e4138d79a5afb3b5d2341f0fe4777ab6e675aa3d4a42e21/numpy-2.2.1-cp313-cp313-win_amd64.whl", hash = "sha256:164a829b6aacf79ca47ba4814b130c4020b202522a93d7bff2202bfb33b61c60", size = 12606618 },
    { url = "https://files.pythonhosted.org/packages/a8/87/04ddf02dd86fb17c7485a5f87b605c4437966d53de1e3745d450343a6f56/numpy-2.2.1-cp313-cp313t-macosx_10_13_x86_64.whl", hash = "sha256:4dfda918a13cc4f81e9118dea249e192ab167a0bb1966272d5503e39234d694e", size = 20921004 },
    { url = "https://files.pythonhosted.org/packages/6e/3e/d0e9e32ab14005425d180ef950badf31b862f3839c5b927796648b11f88a/numpy-2.2.1-cp313-cp313t-macosx_11_0_arm64.whl", hash = "sha256:733585f9f4b62e9b3528dd1070ec4f52b8acf64215b60a845fa13ebd73cd0712", size = 14119910 },
    { url = "https://files.pythonhosted.org/packages/b5/5b/aa2d1905b04a8fb681e08742bb79a7bddfc160c7ce8e1ff6d5c821be0236/numpy-2.2.1-cp313-cp313t-macosx_14_0_arm64.whl", hash = "sha256:89b16a18e7bba224ce5114db863e7029803c179979e1af6ad6a6b11f70545008", size = 5153612 },
    { url = "https://files.pythonhosted.org/packages/ce/35/6831808028df0648d9b43c5df7e1051129aa0d562525bacb70019c5f5030/numpy-2.2.1-cp313-cp313t-macosx_14_0_x86_64.whl", hash = "sha256:676f4eebf6b2d430300f1f4f4c2461685f8269f94c89698d832cdf9277f30b84", size = 6668401 },
    { url = "https://files.pythonhosted.org/packages/b1/38/10ef509ad63a5946cc042f98d838daebfe7eaf45b9daaf13df2086b15ff9/numpy-2.2.1-cp313-cp313t-manylinux_2_17_aarch64.manylinux2014_aarch64.whl", hash = "sha256:27f5cdf9f493b35f7e41e8368e7d7b4bbafaf9660cba53fb21d2cd174ec09631", size = 14014198 },
    { url = "https://files.pythonhosted.org/packages/df/f8/c80968ae01df23e249ee0a4487fae55a4c0fe2f838dfe9cc907aa8aea0fa/numpy-2.2.1-cp313-cp313t-manylinux_2_17_x86_64.manylinux2014_x86_64.whl", hash = "sha256:c1ad395cf254c4fbb5b2132fee391f361a6e8c1adbd28f2cd8e79308a615fe9d", size = 16076211 },
    { url = "https://files.pythonhosted.org/packages/09/69/05c169376016a0b614b432967ac46ff14269eaffab80040ec03ae1ae8e2c/numpy-2.2.1-cp313-cp313t-musllinux_1_2_aarch64.whl", hash = "sha256:08ef779aed40dbc52729d6ffe7dd51df85796a702afbf68a4f4e41fafdc8bda5", size = 15220266 },
    { url = "https://files.pythonhosted.org/packages/f1/ff/94a4ce67ea909f41cf7ea712aebbe832dc67decad22944a1020bb398a5ee/numpy-2.2.1-cp313-cp313t-musllinux_1_2_x86_64.whl", hash = "sha256:26c9c4382b19fcfbbed3238a14abf7ff223890ea1936b8890f058e7ba35e8d71", size = 17852844 },
    { url = "https://files.pythonhosted.org/packages/46/72/8a5dbce4020dfc595592333ef2fbb0a187d084ca243b67766d29d03e0096/numpy-2.2.1-cp313-cp313t-win32.whl", hash = "sha256:93cf4e045bae74c90ca833cba583c14b62cb4ba2cba0abd2b141ab52548247e2", size = 6326007 },
    { url = "https://files.pythonhosted.org/packages/7b/9c/4fce9cf39dde2562584e4cfd351a0140240f82c0e3569ce25a250f47037d/numpy-2.2.1-cp313-cp313t-win_amd64.whl", hash = "sha256:bff7d8ec20f5f42607599f9994770fa65d76edca264a87b5e4ea5629bce12268", size = 12693107 },
    { url = "https://files.pythonhosted.org/packages/f1/65/d36a76b811ffe0a4515e290cb05cb0e22171b1b0f0db6bee9141cf023545/numpy-2.2.1-pp310-pypy310_pp73-macosx_10_15_x86_64.whl", hash = "sha256:7ba9cc93a91d86365a5d270dee221fdc04fb68d7478e6bf6af650de78a8339e3", size = 21044672 },
    { url = "https://files.pythonhosted.org/packages/aa/3f/b644199f165063154df486d95198d814578f13dd4d8c1651e075bf1cb8af/numpy-2.2.1-pp310-pypy310_pp73-macosx_14_0_x86_64.whl", hash = "sha256:3d03883435a19794e41f147612a77a8f56d4e52822337844fff3d4040a142964", size = 6789873 },
    { url = "https://files.pythonhosted.org/packages/d7/df/2adb0bb98a3cbe8a6c3c6d1019aede1f1d8b83927ced228a46cc56c7a206/numpy-2.2.1-pp310-pypy310_pp73-manylinux_2_17_x86_64.manylinux2014_x86_64.whl", hash = "sha256:4511d9e6071452b944207c8ce46ad2f897307910b402ea5fa975da32e0102800", size = 16194933 },
    { url = "https://files.pythonhosted.org/packages/13/3e/1959d5219a9e6d200638d924cedda6a606392f7186a4ed56478252e70d55/numpy-2.2.1-pp310-pypy310_pp73-win_amd64.whl", hash = "sha256:5c5cc0cbabe9452038ed984d05ac87910f89370b9242371bd9079cb4af61811e", size = 12820057 },
]

[[package]]
name = "packaging"
version = "21.3"
source = { registry = "https://pypi.org/simple" }
dependencies = [
    { name = "pyparsing" },
]
sdist = { url = "https://files.pythonhosted.org/packages/df/9e/d1a7217f69310c1db8fdf8ab396229f55a699ce34a203691794c5d1cad0c/packaging-21.3.tar.gz", hash = "sha256:dd47c42927d89ab911e606518907cc2d3a1f38bbd026385970643f9c5b8ecfeb", size = 84848 }
wheels = [
    { url = "https://files.pythonhosted.org/packages/05/8e/8de486cbd03baba4deef4142bd643a3e7bbe954a784dc1bb17142572d127/packaging-21.3-py3-none-any.whl", hash = "sha256:ef103e05f519cdc783ae24ea4e2e0f508a9c99b2d4969652eed6a2e1ea5bd522", size = 40750 },
]

[[package]]
name = "pluggy"
version = "1.0.0"
source = { registry = "https://pypi.org/simple" }
dependencies = [
    { name = "importlib-metadata", marker = "python_full_version < '3.8'" },
]
sdist = { url = "https://files.pythonhosted.org/packages/a1/16/db2d7de3474b6e37cbb9c008965ee63835bba517e22cdb8c35b5116b5ce1/pluggy-1.0.0.tar.gz", hash = "sha256:4224373bacce55f955a878bf9cfa763c1e360858e330072059e10bad68531159", size = 51510 }
wheels = [
    { url = "https://files.pythonhosted.org/packages/9e/01/f38e2ff29715251cf25532b9082a1589ab7e4f571ced434f98d0139336dc/pluggy-1.0.0-py2.py3-none-any.whl", hash = "sha256:74134bbf457f031a36d68416e1509f34bd5ccc019f0bcc952c7b909d06b37bd3", size = 13667 },
]

[[package]]
name = "py"
version = "1.11.0"
source = { registry = "https://pypi.org/simple" }
sdist = { url = "https://files.pythonhosted.org/packages/98/ff/fec109ceb715d2a6b4c4a85a61af3b40c723a961e8828319fbcb15b868dc/py-1.11.0.tar.gz", hash = "sha256:51c75c4126074b472f746a24399ad32f6053d1b34b68d2fa41e558e6f4a98719", size = 207796 }
wheels = [
    { url = "https://files.pythonhosted.org/packages/f6/f0/10642828a8dfb741e5f3fbaac830550a518a775c7fff6f04a007259b0548/py-1.11.0-py2.py3-none-any.whl", hash = "sha256:607c53218732647dff4acdfcd50cb62615cedf612e72d1724fb1a0cc6405b378", size = 98708 },
]

[[package]]
name = "pyparsing"
version = "3.0.7"
source = { registry = "https://pypi.org/simple" }
sdist = { url = "https://files.pythonhosted.org/packages/d6/60/9bed18f43275b34198eb9720d4c1238c68b3755620d20df0afd89424d32b/pyparsing-3.0.7.tar.gz", hash = "sha256:18ee9022775d270c55187733956460083db60b37d0d0fb357445f3094eed3eea", size = 884709 }
wheels = [
    { url = "https://files.pythonhosted.org/packages/80/c1/23fd82ad3121656b585351aba6c19761926bb0db2ebed9e4ff09a43a3fcc/pyparsing-3.0.7-py3-none-any.whl", hash = "sha256:a6c06a88f252e6c322f65faf8f418b16213b51bdfaece0524c1c1bc30c63c484", size = 98049 },
]

[[package]]
name = "pytest"
version = "7.0.1"
source = { registry = "https://pypi.org/simple" }
dependencies = [
    { name = "atomicwrites", marker = "sys_platform == 'win32'" },
    { name = "attrs" },
    { name = "colorama", marker = "sys_platform == 'win32'" },
    { name = "importlib-metadata", marker = "python_full_version < '3.8'" },
    { name = "iniconfig" },
    { name = "packaging" },
    { name = "pluggy" },
    { name = "py" },
    { name = "tomli" },
]
sdist = { url = "https://files.pythonhosted.org/packages/3e/2c/a67ad48759051c7abf82ce182a4e6d766de371b183182d2dde03089e8dfb/pytest-7.0.1.tar.gz", hash = "sha256:e30905a0c131d3d94b89624a1cc5afec3e0ba2fbdb151867d8e0ebd49850f171", size = 1249154 }
wheels = [
    { url = "https://files.pythonhosted.org/packages/38/93/c7c0bd1e932b287fb948eb9ce5a3d6307c9fc619db1e199f8c8bc5dad95f/pytest-7.0.1-py3-none-any.whl", hash = "sha256:9ce3ff477af913ecf6321fe337b93a2c0dcf2a0a1439c43f5452112c1e4280db", size = 296985 },
]

[[package]]
name = "quickspikes"
version = "2.0.6"
source = { editable = "." }
dependencies = [
    { name = "numpy", version = "1.21.6", source = { registry = "https://pypi.org/simple" }, marker = "python_full_version < '3.8'" },
    { name = "numpy", version = "1.24.4", source = { registry = "https://pypi.org/simple" }, marker = "python_full_version >= '3.8' and python_full_version < '3.12'" },
    { name = "numpy", version = "2.2.1", source = { registry = "https://pypi.org/simple" }, marker = "python_full_version == '3.12.*'" },
]

[package.dev-dependencies]
dev = [
    { name = "pytest" },
    { name = "ruff" },
]

[package.metadata]
requires-dist = [
    { name = "numpy", marker = "python_full_version == '3.7.*'", specifier = ">=1.21.6" },
    { name = "numpy", marker = "python_full_version == '3.8.*'", specifier = ">=1.23.2" },
    { name = "numpy", marker = "python_full_version == '3.9.*'", specifier = ">=1.23.2" },
    { name = "numpy", marker = "python_full_version == '3.10.*'", specifier = ">=1.23.2" },
    { name = "numpy", marker = "python_full_version == '3.11.*'", specifier = ">=1.24.0" },
    { name = "numpy", marker = "python_full_version == '3.12.*'", specifier = ">=1.26.0" },
]

[package.metadata.requires-dev]
dev = [
    { name = "pytest", specifier = ">=5.0" },
    { name = "ruff", specifier = ">=0.7.0" },
]

[[package]]
name = "ruff"
version = "0.8.4"
source = { registry = "https://pypi.org/simple" }
sdist = { url = "https://files.pythonhosted.org/packages/34/37/9c02181ef38d55b77d97c68b78e705fd14c0de0e5d085202bb2b52ce5be9/ruff-0.8.4.tar.gz", hash = "sha256:0d5f89f254836799af1615798caa5f80b7f935d7a670fad66c5007928e57ace8", size = 3402103 }
wheels = [
    { url = "https://files.pythonhosted.org/packages/05/67/f480bf2f2723b2e49af38ed2be75ccdb2798fca7d56279b585c8f553aaab/ruff-0.8.4-py3-none-linux_armv6l.whl", hash = "sha256:58072f0c06080276804c6a4e21a9045a706584a958e644353603d36ca1eb8a60", size = 10546415 },
    { url = "https://files.pythonhosted.org/packages/eb/7a/5aba20312c73f1ce61814e520d1920edf68ca3b9c507bd84d8546a8ecaa8/ruff-0.8.4-py3-none-macosx_10_12_x86_64.whl", hash = "sha256:ffb60904651c00a1e0b8df594591770018a0f04587f7deeb3838344fe3adabac", size = 10346113 },
    { url = "https://files.pythonhosted.org/packages/76/f4/c41de22b3728486f0aa95383a44c42657b2db4062f3234ca36fc8cf52d8b/ruff-0.8.4-py3-none-macosx_11_0_arm64.whl", hash = "sha256:6ddf5d654ac0d44389f6bf05cee4caeefc3132a64b58ea46738111d687352296", size = 9943564 },
    { url = "https://files.pythonhosted.org/packages/0e/f0/afa0d2191af495ac82d4cbbfd7a94e3df6f62a04ca412033e073b871fc6d/ruff-0.8.4-py3-none-manylinux_2_17_aarch64.manylinux2014_aarch64.whl", hash = "sha256:e248b1f0fa2749edd3350a2a342b67b43a2627434c059a063418e3d375cfe643", size = 10805522 },
    { url = "https://files.pythonhosted.org/packages/12/57/5d1e9a0fd0c228e663894e8e3a8e7063e5ee90f8e8e60cf2085f362bfa1a/ruff-0.8.4-py3-none-manylinux_2_17_armv7l.manylinux2014_armv7l.whl", hash = "sha256:bf197b98ed86e417412ee3b6c893f44c8864f816451441483253d5ff22c0e81e", size = 10306763 },
    { url = "https://files.pythonhosted.org/packages/04/df/f069fdb02e408be8aac6853583572a2873f87f866fe8515de65873caf6b8/ruff-0.8.4-py3-none-manylinux_2_17_i686.manylinux2014_i686.whl", hash = "sha256:c41319b85faa3aadd4d30cb1cffdd9ac6b89704ff79f7664b853785b48eccdf3", size = 11359574 },
    { url = "https://files.pythonhosted.org/packages/d3/04/37c27494cd02e4a8315680debfc6dfabcb97e597c07cce0044db1f9dfbe2/ruff-0.8.4-py3-none-manylinux_2_17_ppc64.manylinux2014_ppc64.whl", hash = "sha256:9f8402b7c4f96463f135e936d9ab77b65711fcd5d72e5d67597b543bbb43cf3f", size = 12094851 },
    { url = "https://files.pythonhosted.org/packages/81/b1/c5d7fb68506cab9832d208d03ea4668da9a9887a4a392f4f328b1bf734ad/ruff-0.8.4-py3-none-manylinux_2_17_ppc64le.manylinux2014_ppc64le.whl", hash = "sha256:e4e56b3baa9c23d324ead112a4fdf20db9a3f8f29eeabff1355114dd96014604", size = 11655539 },
    { url = "https://files.pythonhosted.org/packages/ef/38/8f8f2c8898dc8a7a49bc340cf6f00226917f0f5cb489e37075bcb2ce3671/ruff-0.8.4-py3-none-manylinux_2_17_s390x.manylinux2014_s390x.whl", hash = "sha256:736272574e97157f7edbbb43b1d046125fce9e7d8d583d5d65d0c9bf2c15addf", size = 12912805 },
    { url = "https://files.pythonhosted.org/packages/06/dd/fa6660c279f4eb320788876d0cff4ea18d9af7d9ed7216d7bd66877468d0/ruff-0.8.4-py3-none-manylinux_2_17_x86_64.manylinux2014_x86_64.whl", hash = "sha256:e5fe710ab6061592521f902fca7ebcb9fabd27bc7c57c764298b1c1f15fff720", size = 11205976 },
    { url = "https://files.pythonhosted.org/packages/a8/d7/de94cc89833b5de455750686c17c9e10f4e1ab7ccdc5521b8fe911d1477e/ruff-0.8.4-py3-none-musllinux_1_2_aarch64.whl", hash = "sha256:13e9ec6d6b55f6da412d59953d65d66e760d583dd3c1c72bf1f26435b5bfdbae", size = 10792039 },
    { url = "https://files.pythonhosted.org/packages/6d/15/3e4906559248bdbb74854af684314608297a05b996062c9d72e0ef7c7097/ruff-0.8.4-py3-none-musllinux_1_2_armv7l.whl", hash = "sha256:97d9aefef725348ad77d6db98b726cfdb075a40b936c7984088804dfd38268a7", size = 10400088 },
    { url = "https://files.pythonhosted.org/packages/a2/21/9ed4c0e8133cb4a87a18d470f534ad1a8a66d7bec493bcb8bda2d1a5d5be/ruff-0.8.4-py3-none-musllinux_1_2_i686.whl", hash = "sha256:ab78e33325a6f5374e04c2ab924a3367d69a0da36f8c9cb6b894a62017506111", size = 10900814 },
    { url = "https://files.pythonhosted.org/packages/0d/5d/122a65a18955bd9da2616b69bc839351f8baf23b2805b543aa2f0aed72b5/ruff-0.8.4-py3-none-musllinux_1_2_x86_64.whl", hash = "sha256:8ef06f66f4a05c3ddbc9121a8b0cecccd92c5bf3dd43b5472ffe40b8ca10f0f8", size = 11268828 },
    { url = "https://files.pythonhosted.org/packages/43/a9/1676ee9106995381e3d34bccac5bb28df70194167337ed4854c20f27c7ba/ruff-0.8.4-py3-none-win32.whl", hash = "sha256:552fb6d861320958ca5e15f28b20a3d071aa83b93caee33a87b471f99a6c0835", size = 8805621 },
    { url = "https://files.pythonhosted.org/packages/10/98/ed6b56a30ee76771c193ff7ceeaf1d2acc98d33a1a27b8479cbdb5c17a23/ruff-0.8.4-py3-none-win_amd64.whl", hash = "sha256:f21a1143776f8656d7f364bd264a9d60f01b7f52243fbe90e7670c0dfe0cf65d", size = 9660086 },
    { url = "https://files.pythonhosted.org/packages/13/9f/026e18ca7d7766783d779dae5e9c656746c6ede36ef73c6d934aaf4a6dec/ruff-0.8.4-py3-none-win_arm64.whl", hash = "sha256:9183dd615d8df50defa8b1d9a074053891ba39025cf5ae88e8bcb52edcc4bf08", size = 9074500 },
]

[[package]]
name = "tomli"
version = "1.2.3"
source = { registry = "https://pypi.org/simple" }
sdist = { url = "https://files.pythonhosted.org/packages/fb/2e/d0a8276b0cf9b9e34fd0660c330acc59656f53bb2209adc75af863a3582d/tomli-1.2.3.tar.gz", hash = "sha256:05b6166bff487dc068d322585c7ea4ef78deed501cc124060e0f238e89a9231f", size = 15094 }
wheels = [
    { url = "https://files.pythonhosted.org/packages/05/e4/74f9440db36734d7ba83c574c1e7024009ce849208a41f90e94a134dc6d1/tomli-1.2.3-py3-none-any.whl", hash = "sha256:e3069e4be3ead9668e21cb9b074cd948f7b3113fd9c8bba083f48247aab8b11c", size = 12122 },
]

[[package]]
name = "typing-extensions"
version = "4.1.1"
source = { registry = "https://pypi.org/simple" }
sdist = { url = "https://files.pythonhosted.org/packages/b1/5a/8b5fbb891ef3f81fc923bf3cb4a578c0abf9471eb50ce0f51c74212182ab/typing_extensions-4.1.1.tar.gz", hash = "sha256:1a9462dcc3347a79b1f1c0271fbe79e844580bb598bafa1ed208b94da3cdcd42", size = 26694 }
wheels = [
    { url = "https://files.pythonhosted.org/packages/45/6b/44f7f8f1e110027cf88956b59f2fad776cca7e1704396d043f89effd3a0e/typing_extensions-4.1.1-py3-none-any.whl", hash = "sha256:21c85e0fe4b9a155d0799430b0ad741cdce7e359660ccbd8b530613e8df88ce2", size = 26844 },
]

[[package]]
name = "zipp"
version = "3.6.0"
source = { registry = "https://pypi.org/simple" }
sdist = { url = "https://files.pythonhosted.org/packages/02/bf/0d03dbdedb83afec081fefe86cae3a2447250ef1a81ac601a9a56e785401/zipp-3.6.0.tar.gz", hash = "sha256:71c644c5369f4a6e07636f0aa966270449561fcea2e3d6747b8d23efaa9d7832", size = 13047 }
wheels = [
    { url = "https://files.pythonhosted.org/packages/bd/df/d4a4974a3e3957fd1c1fa3082366d7fff6e428ddb55f074bf64876f8e8ad/zipp-3.6.0-py3-none-any.whl", hash = "sha256:9fe5ea21568a0a70e50f273397638d39b03353731e6cbbb3fd8502a33fec40bc", size = 5313 },
]
